
Microsoft Visual Studio Solution File, Format Version 12.00
# Visual Studio Version 17
VisualStudioVersion = 17.4.33213.308
MinimumVisualStudioVersion = 10.0.40219.1
Project("{9A19103F-16F7-4668-BE54-9A1E7A4F7556}") = "TweetSample.Api", "TweetSampleApplication\TweetSample.Api.csproj", "{68255C81-C356-40DF-8875-6FF2DF4195A4}"
EndProject
Project("{2150E333-8FDC-42A3-9474-1A3956D46DE8}") = "Host", "Host", "{9C83C6EA-1D0B-4679-B4B1-B0692B85FE37}"
EndProject
Project("{2150E333-8FDC-42A3-9474-1A3956D46DE8}") = "Core", "Core", "{1947D197-7571-4695-9877-D687D1407955}"
EndProject
Project("{9A19103F-16F7-4668-BE54-9A1E7A4F7556}") = "TwitterCoreApp", "twitterCoreApp\TwitterCoreApp.csproj", "{21790D39-E91E-4B4A-98E5-9DDD0AE73A7A}"
EndProject
Project("{2150E333-8FDC-42A3-9474-1A3956D46DE8}") = "Utilities", "Utilities", "{077D7071-09BB-4D15-A3E4-45DF7BEF2536}"
EndProject
Project("{9A19103F-16F7-4668-BE54-9A1E7A4F7556}") = "TwitterCommonExtensions", "twitter.CommonExtensions\TwitterCommonExtensions.csproj", "{73AE0F04-A38C-4F6A-8DF5-6286A435F42C}"
EndProject
Project("{2150E333-8FDC-42A3-9474-1A3956D46DE8}") = "Model", "Model", "{B417CA65-22BE-45AE-8550-08493551BD34}"
EndProject
Project("{9A19103F-16F7-4668-BE54-9A1E7A4F7556}") = "Models", "Models\Models.csproj", "{387DD276-9561-4E6D-A3ED-8FF7AEDF1773}"
EndProject
Project("{2150E333-8FDC-42A3-9474-1A3956D46DE8}") = "Tests", "Tests", "{C8BCABD2-C8B8-4A48-881E-BCDA7D8694B8}"
EndProject
Project("{2150E333-8FDC-42A3-9474-1A3956D46DE8}") = "src", "src", "{55002126-2A34-4F01-AAE1-7D7FDCFD42F4}"
EndProject
Project("{9A19103F-16F7-4668-BE54-9A1E7A4F7556}") = "ApiTest", "ApiTest\ApiTest.csproj", "{E5FEA0A4-4097-43E1-8FF2-B8CB3286CE9C}"
EndProject
Project("{FAE04EC0-301F-11D3-BF4B-00C04F79EFBC}") = "CoreAppTest", "CoreAppTest\CoreAppTest.csproj", "{197B5773-FAE5-470E-8EE2-3D78474A7609}"
EndProject
Global
	GlobalSection(SolutionConfigurationPlatforms) = preSolution
		Debug|Any CPU = Debug|Any CPU
		Release|Any CPU = Release|Any CPU
	EndGlobalSection
	GlobalSection(ProjectConfigurationPlatforms) = postSolution
		{68255C81-C356-40DF-8875-6FF2DF4195A4}.Debug|Any CPU.ActiveCfg = Debug|Any CPU
		{68255C81-C356-40DF-8875-6FF2DF4195A4}.Debug|Any CPU.Build.0 = Debug|Any CPU
		{68255C81-C356-40DF-8875-6FF2DF4195A4}.Release|Any CPU.ActiveCfg = Release|Any CPU
		{68255C81-C356-40DF-8875-6FF2DF4195A4}.Release|Any CPU.Build.0 = Release|Any CPU
		{21790D39-E91E-4B4A-98E5-9DDD0AE73A7A}.Debug|Any CPU.ActiveCfg = Debug|Any CPU
		{21790D39-E91E-4B4A-98E5-9DDD0AE73A7A}.Debug|Any CPU.Build.0 = Debug|Any CPU
		{21790D39-E91E-4B4A-98E5-9DDD0AE73A7A}.Release|Any CPU.ActiveCfg = Release|Any CPU
		{21790D39-E91E-4B4A-98E5-9DDD0AE73A7A}.Release|Any CPU.Build.0 = Release|Any CPU
		{73AE0F04-A38C-4F6A-8DF5-6286A435F42C}.Debug|Any CPU.ActiveCfg = Debug|Any CPU
		{73AE0F04-A38C-4F6A-8DF5-6286A435F42C}.Debug|Any CPU.Build.0 = Debug|Any CPU
		{73AE0F04-A38C-4F6A-8DF5-6286A435F42C}.Release|Any CPU.ActiveCfg = Release|Any CPU
		{73AE0F04-A38C-4F6A-8DF5-6286A435F42C}.Release|Any CPU.Build.0 = Release|Any CPU
		{387DD276-9561-4E6D-A3ED-8FF7AEDF1773}.Debug|Any CPU.ActiveCfg = Debug|Any CPU
		{387DD276-9561-4E6D-A3ED-8FF7AEDF1773}.Debug|Any CPU.Build.0 = Debug|Any CPU
		{387DD276-9561-4E6D-A3ED-8FF7AEDF1773}.Release|Any CPU.ActiveCfg = Release|Any CPU
		{387DD276-9561-4E6D-A3ED-8FF7AEDF1773}.Release|Any CPU.Build.0 = Release|Any CPU
		{E5FEA0A4-4097-43E1-8FF2-B8CB3286CE9C}.Debug|Any CPU.ActiveCfg = Debug|Any CPU
		{E5FEA0A4-4097-43E1-8FF2-B8CB3286CE9C}.Debug|Any CPU.Build.0 = Debug|Any CPU
		{E5FEA0A4-4097-43E1-8FF2-B8CB3286CE9C}.Release|Any CPU.ActiveCfg = Release|Any CPU
		{E5FEA0A4-4097-43E1-8FF2-B8CB3286CE9C}.Release|Any CPU.Build.0 = Release|Any CPU
		{197B5773-FAE5-470E-8EE2-3D78474A7609}.Debug|Any CPU.ActiveCfg = Debug|Any CPU
		{197B5773-FAE5-470E-8EE2-3D78474A7609}.Debug|Any CPU.Build.0 = Debug|Any CPU
		{197B5773-FAE5-470E-8EE2-3D78474A7609}.Release|Any CPU.ActiveCfg = Release|Any CPU
		{197B5773-FAE5-470E-8EE2-3D78474A7609}.Release|Any CPU.Build.0 = Release|Any CPU
	EndGlobalSection
	GlobalSection(SolutionProperties) = preSolution
		HideSolutionNode = FALSE
	EndGlobalSection
	GlobalSection(NestedProjects) = preSolution
		{68255C81-C356-40DF-8875-6FF2DF4195A4} = {9C83C6EA-1D0B-4679-B4B1-B0692B85FE37}
		{9C83C6EA-1D0B-4679-B4B1-B0692B85FE37} = {55002126-2A34-4F01-AAE1-7D7FDCFD42F4}
		{1947D197-7571-4695-9877-D687D1407955} = {55002126-2A34-4F01-AAE1-7D7FDCFD42F4}
		{21790D39-E91E-4B4A-98E5-9DDD0AE73A7A} = {1947D197-7571-4695-9877-D687D1407955}
		{077D7071-09BB-4D15-A3E4-45DF7BEF2536} = {55002126-2A34-4F01-AAE1-7D7FDCFD42F4}
		{73AE0F04-A38C-4F6A-8DF5-6286A435F42C} = {077D7071-09BB-4D15-A3E4-45DF7BEF2536}
		{B417CA65-22BE-45AE-8550-08493551BD34} = {55002126-2A34-4F01-AAE1-7D7FDCFD42F4}
		{387DD276-9561-4E6D-A3ED-8FF7AEDF1773} = {B417CA65-22BE-45AE-8550-08493551BD34}
		{E5FEA0A4-4097-43E1-8FF2-B8CB3286CE9C} = {C8BCABD2-C8B8-4A48-881E-BCDA7D8694B8}
		{197B5773-FAE5-470E-8EE2-3D78474A7609} = {C8BCABD2-C8B8-4A48-881E-BCDA7D8694B8}
	EndGlobalSection
	GlobalSection(ExtensibilityGlobals) = postSolution
		SolutionGuid = {BC66A941-FD08-42FF-A396-747AA8EDB86C}
	EndGlobalSection
EndGlobal
